
Microsoft Visual Studio Solution File, Format Version 12.00
# Visual Studio Version 16
VisualStudioVersion = 16.0.29728.190
MinimumVisualStudioVersion = 10.0.40219.1
Project("{FAE04EC0-301F-11D3-BF4B-00C04F79EFBC}") = "AssignmentQues", "AssignmentQues.csproj", "{BCC3DAC7-3D00-4FD0-A8A4-77758C2509FE}"
EndProject
Global
	GlobalSection(SolutionConfigurationPlatforms) = preSolution
		Debug|Any CPU = Debug|Any CPU
		Release|Any CPU = Release|Any CPU
	EndGlobalSection
	GlobalSection(ProjectConfigurationPlatforms) = postSolution
		{BCC3DAC7-3D00-4FD0-A8A4-77758C2509FE}.Debug|Any CPU.ActiveCfg = Debug|Any CPU
		{BCC3DAC7-3D00-4FD0-A8A4-77758C2509FE}.Debug|Any CPU.Build.0 = Debug|Any CPU
		{BCC3DAC7-3D00-4FD0-A8A4-77758C2509FE}.Release|Any CPU.ActiveCfg = Release|Any CPU
		{BCC3DAC7-3D00-4FD0-A8A4-77758C2509FE}.Release|Any CPU.Build.0 = Release|Any CPU
	EndGlobalSection
	GlobalSection(SolutionProperties) = preSolution
		HideSolutionNode = FALSE
	EndGlobalSection
	GlobalSection(ExtensibilityGlobals) = postSolution
		SolutionGuid = {EB095360-3E82-4C14-9F5B-A3FC7D4B04AA}
	EndGlobalSection
EndGlobal
